// !$*UTF8*$!
{
	archiveVersion = 1;
	classes = {
	};
	objectVersion = 77;
	objects = {

/* Begin PBXContainerItemProxy section */
		333AD2252FC34A1A00E2C5EC /* PBXContainerItemProxy */ = {
			isa = PBXContainerItemProxy;
			containerPortal = 333AD20F2FC34A1800E2C5EC /* Project object */;
			proxyType = 1;
			remoteGlobalIDString = 333AD2162FC34A1800E2C5EC;
			remoteInfo = HangSwift;
		};
		333AD22F2FC34A1A00E2C5EC /* PBXContainerItemProxy */ = {
			isa = PBXContainerItemProxy;
			containerPortal = 333AD20F2FC34A1800E2C5EC /* Project object */;
			proxyType = 1;
			remoteGlobalIDString = 333AD2162FC34A1800E2C5EC;
			remoteInfo = HangSwift;
		};
/* End PBXContainerItemProxy section */

/* Begin PBXFileReference section */
		333AD2172FC34A1800E2C5EC /* HangSwift.app */ = {isa = PBXFileReference; explicitFileType = wrapper.application; includeInIndex = 0; path = HangSwift.app; sourceTree = BUILT_PRODUCTS_DIR; };
		333AD2242FC34A1A00E2C5EC /* HangSwiftTests.xctest */ = {isa = PBXFileReference; explicitFileType = wrapper.cfbundle; includeInIndex = 0; path = HangSwiftTests.xctest; sourceTree = BUILT_PRODUCTS_DIR; };
		333AD22E2FC34A1A00E2C5EC /* HangSwiftUITests.xctest */ = {isa = PBXFileReference; explicitFileType = wrapper.cfbundle; includeInIndex = 0; path = HangSwiftUITests.xctest; sourceTree = BUILT_PRODUCTS_DIR; };
/* End PBXFileReference section */

/* Begin PBXFileSystemSynchronizedRootGroup section */
		333AD2192FC34A1800E2C5EC /* HangSwift */ = {
			isa = PBXFileSystemSynchronizedRootGroup;
			path = HangSwift;
			sourceTree = "<group>";
		};
		333AD2272FC34A1A00E2C5EC /* HangSwiftTests */ = {
			isa = PBXFileSystemSynchronizedRootGroup;
			path = HangSwiftTests;
			sourceTree = "<group>";
		};
		333AD2312FC34A1A00E2C5EC /* HangSwiftUITests */ = {
			isa = PBXFileSystemSynchronizedRootGroup;
			path = HangSwiftUITests;
			sourceTree = "<group>";
		};
/* End PBXFileSystemSynchronizedRootGroup section */

/* Begin PBXFrameworksBuildPhase section */
		333AD2142FC34A1800E2C5EC /* Frameworks */ = {
			isa = PBXFrameworksBuildPhase;
			buildActionMask = 2147483647;
			files = (
			);
			runOnlyForDeploymentPostprocessing = 0;
		};
		333AD2212FC34A1A00E2C5EC /* Frameworks */ = {
			isa = PBXFrameworksBuildPhase;
			buildActionMask = 2147483647;
			files = (
			);
			runOnlyForDeploymentPostprocessing = 0;
		};
		333AD22B2FC34A1A00E2C5EC /* Frameworks */ = {
			isa = PBXFrameworksBuildPhase;
			buildActionMask = 2147483647;
			files = (
			);
			runOnlyForDeploymentPostprocessing = 0;
		};
/* End PBXFrameworksBuildPhase section */

/* Begin PBXGroup section */
		333AD20E2FC34A1800E2C5EC = {
			isa = PBXGroup;
			children = (
				333AD2192FC34A1800E2C5EC /* HangSwift */,
				333AD2272FC34A1A00E2C5EC /* HangSwiftTests */,
				333AD2312FC34A1A00E2C5EC /* HangSwiftUITests */,
				333AD2182FC34A1800E2C5EC /* Products */,
			);
			sourceTree = "<group>";
		};
		333AD2182FC34A1800E2C5EC /* Products */ = {
			isa = PBXGroup;
			children = (
				333AD2172FC34A1800E2C5EC /* HangSwift.app */,
				333AD2242FC34A1A00E2C5EC /* HangSwiftTests.xctest */,
				333AD22E2FC34A1A00E2C5EC /* HangSwiftUITests.xctest */,
			);
			name = Products;
			sourceTree = "<group>";
		};
/* End PBXGroup section */

/* Begin PBXNativeTarget section */
		333AD2162FC34A1800E2C5EC /* HangSwift */ = {
			isa = PBXNativeTarget;
			buildConfigurationList = 333AD2382FC34A1A00E2C5EC /* Build configuration list for PBXNativeTarget "HangSwift" */;
			buildPhases = (
				333AD2132FC34A1800E2C5EC /* Sources */,
				333AD2142FC34A1800E2C5EC /* Frameworks */,
				333AD2152FC34A1800E2C5EC /* Resources */,
			);
			buildRules = (
			);
			dependencies = (
			);
			fileSystemSynchronizedGroups = (
				333AD2192FC34A1800E2C5EC /* HangSwift */,
			);
			name = HangSwift;
			packageProductDependencies = (
			);
			productName = HangSwift;
			productReference = 333AD2172FC34A1800E2C5EC /* HangSwift.app */;
			productType = "com.apple.product-type.application";
		};
		333AD2232FC34A1A00E2C5EC /* HangSwiftTests */ = {
			isa = PBXNativeTarget;
			buildConfigurationList = 333AD23B2FC34A1A00E2C5EC /* Build configuration list for PBXNativeTarget "HangSwiftTests" */;
			buildPhases = (
				333AD2202FC34A1A00E2C5EC /* Sources */,
				333AD2212FC34A1A00E2C5EC /* Frameworks */,
				333AD2222FC34A1A00E2C5EC /* Resources */,
			);
			buildRules = (
			);
			dependencies = (
				333AD2262FC34A1A00E2C5EC /* PBXTargetDependency */,
			);
			fileSystemSynchronizedGroups = (
				333AD2272FC34A1A00E2C5EC /* HangSwiftTests */,
			);
			name = HangSwiftTests;
			packageProductDependencies = (
			);
			productName = HangSwiftTests;
			productReference = 333AD2242FC34A1A00E2C5EC /* HangSwiftTests.xctest */;
			productType = "com.apple.product-type.bundle.unit-test";
		};
		333AD22D2FC34A1A00E2C5EC /* HangSwiftUITests */ = {
			isa = PBXNativeTarget;
			buildConfigurationList = 333AD23E2FC34A1A00E2C5EC /* Build configuration list for PBXNativeTarget "HangSwiftUITests" */;
			buildPhases = (
				333AD22A2FC34A1A00E2C5EC /* Sources */,
				333AD22B2FC34A1A00E2C5EC /* Frameworks */,
				333AD22C2FC34A1A00E2C5EC /* Resources */,
			);
			buildRules = (
			);
			dependencies = (
				333AD2302FC34A1A00E2C5EC /* PBXTargetDependency */,
			);
			fileSystemSynchronizedGroups = (
				333AD2312FC34A1A00E2C5EC /* HangSwiftUITests */,
			);
			name = HangSwiftUITests;
			packageProductDependencies = (
			);
			productName = HangSwiftUITests;
			productReference = 333AD22E2FC34A1A00E2C5EC /* HangSwiftUITests.xctest */;
			productType = "com.apple.product-type.bundle.ui-testing";
		};
/* End PBXNativeTarget section */

/* Begin PBXProject section */
		333AD20F2FC34A1800E2C5EC /* Project object */ = {
			isa = PBXProject;
			attributes = {
				BuildIndependentTargetsInParallel = 1;
				LastSwiftUpdateCheck = 1640;
				LastUpgradeCheck = 1640;
				TargetAttributes = {
					333AD2162FC34A1800E2C5EC = {
						CreatedOnToolsVersion = 16.4;
					};
					333AD2232FC34A1A00E2C5EC = {
						CreatedOnToolsVersion = 16.4;
						TestTargetID = 333AD2162FC34A1800E2C5EC;
					};
					333AD22D2FC34A1A00E2C5EC = {
						CreatedOnToolsVersion = 16.4;
						TestTargetID = 333AD2162FC34A1800E2C5EC;
					};
				};
			};
			buildConfigurationList = 333AD2122FC34A1800E2C5EC /* Build configuration list for PBXProject "HangSwift" */;
			developmentRegion = en;
			hasScannedForEncodings = 0;
			knownRegions = (
				en,
				Base,
			);
			mainGroup = 333AD20E2FC34A1800E2C5EC;
			minimizedProjectReferenceProxies = 1;
			preferredProjectObjectVersion = 77;
			productRefGroup = 333AD2182FC34A1800E2C5EC /* Products */;
			projectDirPath = "";
			projectRoot = "";
			targets = (
				333AD2162FC34A1800E2C5EC /* HangSwift */,
				333AD2232FC34A1A00E2C5EC /* HangSwiftTests */,
				333AD22D2FC34A1A00E2C5EC /* HangSwiftUITests */,
			);
		};
/* End PBXProject section */

/* Begin PBXResourcesBuildPhase section */
		333AD2152FC34A1800E2C5EC /* Resources */ = {
			isa = PBXResourcesBuildPhase;
			buildActionMask = 2147483647;
			files = (
			);
			runOnlyForDeploymentPostprocessing = 0;
		};
		333AD2222FC34A1A00E2C5EC /* Resources */ = {
			isa = PBXResourcesBuildPhase;
			buildActionMask = 2147483647;
			files = (
			);
			runOnlyForDeploymentPostprocessing = 0;
		};
		333AD22C2FC34A1A00E2C5EC /* Resources */ = {
			isa = PBXResourcesBuildPhase;
			buildActionMask = 2147483647;
			files = (
			);
			runOnlyForDeploymentPostprocessing = 0;
		};
/* End PBXResourcesBuildPhase section */

/* Begin PBXSourcesBuildPhase section */
		333AD2132FC34A1800E2C5EC /* Sources */ = {
			isa = PBXSourcesBuildPhase;
			buildActionMask = 2147483647;
			files = (
			);
			runOnlyForDeploymentPostprocessing = 0;
		};
		333AD2202FC34A1A00E2C5EC /* Sources */ = {
			isa = PBXSourcesBuildPhase;
			buildActionMask = 2147483647;
			files = (
			);
			runOnlyForDeploymentPostprocessing = 0;
		};
		333AD22A2FC34A1A00E2C5EC /* Sources */ = {
			isa = PBXSourcesBuildPhase;
			buildActionMask = 2147483647;
			files = (
			);
			runOnlyForDeploymentPostprocessing = 0;
		};
/* End PBXSourcesBuildPhase section */

/* Begin PBXTargetDependency section */
		333AD2262FC34A1A00E2C5EC /* PBXTargetDependency */ = {
			isa = PBXTargetDependency;
			target = 333AD2162FC34A1800E2C5EC /* HangSwift */;
			targetProxy = 333AD2252FC34A1A00E2C5EC /* PBXContainerItemProxy */;
		};
		333AD2302FC34A1A00E2C5EC /* PBXTargetDependency */ = {
			isa = PBXTargetDependency;
			target = 333AD2162FC34A1800E2C5EC /* HangSwift */;
			targetProxy = 333AD22F2FC34A1A00E2C5EC /* PBXContainerItemProxy */;
		};
/* End PBXTargetDependency section */

/* Begin XCBuildConfiguration section */
		333AD2362FC34A1A00E2C5EC /* Debug */ = {
			isa = XCBuildConfiguration;
			buildSettings = {
				ALWAYS_SEARCH_USER_PATHS = NO;
				ASSETCATALOG_COMPILER_GENERATE_SWIFT_ASSET_SYMBOL_EXTENSIONS = YES;
				CLANG_ANALYZER_NONNULL = YES;
				CLANG_ANALYZER_NUMBER_OBJECT_CONVERSION = YES_AGGRESSIVE;
				CLANG_CXX_LANGUAGE_STANDARD = "gnu++20";
				CLANG_ENABLE_MODULES = YES;
				CLANG_ENABLE_OBJC_ARC = YES;
				CLANG_ENABLE_OBJC_WEAK = YES;
				CLANG_WARN_BLOCK_CAPTURE_AUTORELEASING = YES;
				CLANG_WARN_BOOL_CONVERSION = YES;
				CLANG_WARN_COMMA = YES;
				CLANG_WARN_CONSTANT_CONVERSION = YES;
				CLANG_WARN_DEPRECATED_OBJC_IMPLEMENTATIONS = YES;
				CLANG_WARN_DIRECT_OBJC_ISA_USAGE = YES_ERROR;
				CLANG_WARN_DOCUMENTATION_COMMENTS = YES;
				CLANG_WARN_EMPTY_BODY = YES;
				CLANG_WARN_ENUM_CONVERSION = YES;
				CLANG_WARN_INFINITE_RECURSION = YES;
				CLANG_WARN_INT_CONVERSION = YES;
				CLANG_WARN_NON_LITERAL_NULL_CONVERSION = YES;
				CLANG_WARN_OBJC_IMPLICIT_RETAIN_SELF = YES;
				CLANG_WARN_OBJC_LITERAL_CONVERSION = YES;
				CLANG_WARN_OBJC_ROOT_CLASS = YES_ERROR;
				CLANG_WARN_QUOTED_INCLUDE_IN_FRAMEWORK_HEADER = YES;
				CLANG_WARN_RANGE_LOOP_ANALYSIS = YES;
				CLANG_WARN_STRICT_PROTOTYPES = YES;
				CLANG_WARN_SUSPICIOUS_MOVE = YES;
				CLANG_WARN_UNGUARDED_AVAILABILITY = YES_AGGRESSIVE;
				CLANG_WARN_UNREACHABLE_CODE = YES;
				CLANG_WARN__DUPLICATE_METHOD_MATCH = YES;
				COPY_PHASE_STRIP = NO;
				DEBUG_INFORMATION_FORMAT = dwarf;
				DEVELOPMENT_TEAM = 3UT276DC9L;
				ENABLE_STRICT_OBJC_MSGSEND = YES;
				ENABLE_TESTABILITY = YES;
				ENABLE_USER_SCRIPT_SANDBOXING = YES;
				GCC_C_LANGUAGE_STANDARD = gnu17;
				GCC_DYNAMIC_NO_PIC = NO;
				GCC_NO_COMMON_BLOCKS = YES;
				GCC_OPTIMIZATION_LEVEL = 0;
				GCC_PREPROCESSOR_DEFINITIONS = (
					"DEBUG=1",
					"$(inherited)",
				);
				GCC_WARN_64_TO_32_BIT_CONVERSION = YES;
				GCC_WARN_ABOUT_RETURN_TYPE = YES_ERROR;
				GCC_WARN_UNDECLARED_SELECTOR = YES;
				GCC_WARN_UNINITIALIZED_AUTOS = YES_AGGRESSIVE;
				GCC_WARN_UNUSED_FUNCTION = YES;
				GCC_WARN_UNUSED_VARIABLE = YES;
				IPHONEOS_DEPLOYMENT_TARGET = 18.5;
				LOCALIZATION_PREFERS_STRING_CATALOGS = YES;
				MTL_ENABLE_DEBUG_INFO = INCLUDE_SOURCE;
				MTL_FAST_MATH = YES;
				ONLY_ACTIVE_ARCH = YES;
				SDKROOT = iphoneos;
				SWIFT_ACTIVE_COMPILATION_CONDITIONS = "DEBUG $(inherited)";
				SWIFT_OPTIMIZATION_LEVEL = "-Onone";
			};
			name = Debug;
		};
		333AD2372FC34A1A00E2C5EC /* Release */ = {
			isa = XCBuildConfiguration;
			buildSettings = {
				ALWAYS_SEARCH_USER_PATHS = NO;
				ASSETCATALOG_COMPILER_GENERATE_SWIFT_ASSET_SYMBOL_EXTENSIONS = YES;
				CLANG_ANALYZER_NONNULL = YES;
				CLANG_ANALYZER_NUMBER_OBJECT_CONVERSION = YES_AGGRESSIVE;
				CLANG_CXX_LANGUAGE_STANDARD = "gnu++20";
				CLANG_ENABLE_MODULES = YES;
				CLANG_ENABLE_OBJC_ARC = YES;
				CLANG_ENABLE_OBJC_WEAK = YES;
				CLANG_WARN_BLOCK_CAPTURE_AUTORELEASING = YES;
				CLANG_WARN_BOOL_CONVERSION = YES;
				CLANG_WARN_COMMA = YES;
				CLANG_WARN_CONSTANT_CONVERSION = YES;
				CLANG_WARN_DEPRECATED_OBJC_IMPLEMENTATIONS = YES;
				CLANG_WARN_DIRECT_OBJC_ISA_USAGE = YES_ERROR;
				CLANG_WARN_DOCUMENTATION_COMMENTS = YES;
				CLANG_WARN_EMPTY_BODY = YES;
				CLANG_WARN_ENUM_CONVERSION = YES;
				CLANG_WARN_INFINITE_RECURSION = YES;
				CLANG_WARN_INT_CONVERSION = YES;
				CLANG_WARN_NON_LITERAL_NULL_CONVERSION = YES;
				CLANG_WARN_OBJC_IMPLICIT_RETAIN_SELF = YES;
				CLANG_WARN_OBJC_LITERAL_CONVERSION = YES;
				CLANG_WARN_OBJC_ROOT_CLASS = YES_ERROR;
				CLANG_WARN_QUOTED_INCLUDE_IN_FRAMEWORK_HEADER = YES;
				CLANG_WARN_RANGE_LOOP_ANALYSIS = YES;
				CLANG_WARN_STRICT_PROTOTYPES = YES;
				CLANG_WARN_SUSPICIOUS_MOVE = YES;
				CLANG_WARN_UNGUARDED_AVAILABILITY = YES_AGGRESSIVE;
				CLANG_WARN_UNREACHABLE_CODE = YES;
				CLANG_WARN__DUPLICATE_METHOD_MATCH = YES;
				COPY_PHASE_STRIP = NO;
				DEBUG_INFORMATION_FORMAT = "dwarf-with-dsym";
				DEVELOPMENT_TEAM = 3UT276DC9L;
				ENABLE_NS_ASSERTIONS = NO;
				ENABLE_STRICT_OBJC_MSGSEND = YES;
				ENABLE_USER_SCRIPT_SANDBOXING = YES;
				GCC_C_LANGUAGE_STANDARD = gnu17;
				GCC_NO_COMMON_BLOCKS = YES;
				GCC_WARN_64_TO_32_BIT_CONVERSION = YES;
				GCC_WARN_ABOUT_RETURN_TYPE = YES_ERROR;
				GCC_WARN_UNDECLARED_SELECTOR = YES;
				GCC_WARN_UNINITIALIZED_AUTOS = YES_AGGRESSIVE;
				GCC_WARN_UNUSED_FUNCTION = YES;
				GCC_WARN_UNUSED_VARIABLE = YES;
				IPHONEOS_DEPLOYMENT_TARGET = 18.5;
				LOCALIZATION_PREFERS_STRING_CATALOGS = YES;
				MTL_ENABLE_DEBUG_INFO = NO;
				MTL_FAST_MATH = YES;
				SDKROOT = iphoneos;
				SWIFT_COMPILATION_MODE = wholemodule;
				VALIDATE_PRODUCT = YES;
			};
			name = Release;
		};
		333AD2392FC34A1A00E2C5EC /* Debug */ = {
			isa = XCBuildConfiguration;
			buildSettings = {
				ASSETCATALOG_COMPILER_APPICON_NAME = AppIcon;
				ASSETCATALOG_COMPILER_GLOBAL_ACCENT_COLOR_NAME = AccentColor;
				CODE_SIGN_STYLE = Automatic;
				CURRENT_PROJECT_VERSION = 1;
				DEVELOPMENT_TEAM = 3UT276DC9L;
				ENABLE_PREVIEWS = YES;
				GENERATE_INFOPLIST_FILE = YES;
				INFOPLIST_KEY_UIApplicationSceneManifest_Generation = YES;
				INFOPLIST_KEY_UIApplicationSupportsIndirectInputEvents = YES;
				INFOPLIST_KEY_UILaunchScreen_Generation = YES;
				INFOPLIST_KEY_UISupportedInterfaceOrientations_iPad = "UIInterfaceOrientationPortrait UIInterfaceOrientationPortraitUpsideDown UIInterfaceOrientationLandscapeLeft UIInterfaceOrientationLandscapeRight";
				INFOPLIST_KEY_UISupportedInterfaceOrientations_iPhone = "UIInterfaceOrientationPortrait UIInterfaceOrientationLandscapeLeft UIInterfaceOrientationLandscapeRight";
				LD_RUNPATH_SEARCH_PATHS = (
					"$(inherited)",
					"@executable_path/Frameworks",
				);
				MARKETING_VERSION = 1.0;
				PRODUCT_BUNDLE_IDENTIFIER = com.nandaPerovano.HangSwift;
				PRODUCT_NAME = "$(TARGET_NAME)";
				SWIFT_EMIT_LOC_STRINGS = YES;
				SWIFT_VERSION = 5.0;
				TARGETED_DEVICE_FAMILY = "1,2";
			};
			name = Debug;
		};
		333AD23A2FC34A1A00E2C5EC /* Release */ = {
			isa = XCBuildConfiguration;
			buildSettings = {
				ASSETCATALOG_COMPILER_APPICON_NAME = AppIcon;
				ASSETCATALOG_COMPILER_GLOBAL_ACCENT_COLOR_NAME = AccentColor;
				CODE_SIGN_STYLE = Automatic;
				CURRENT_PROJECT_VERSION = 1;
				DEVELOPMENT_TEAM = 3UT276DC9L;
				ENABLE_PREVIEWS = YES;
				GENERATE_INFOPLIST_FILE = YES;
				INFOPLIST_KEY_UIApplicationSceneManifest_Generation = YES;
				INFOPLIST_KEY_UIApplicationSupportsIndirectInputEvents = YES;
				INFOPLIST_KEY_UILaunchScreen_Generation = YES;
				INFOPLIST_KEY_UISupportedInterfaceOrientations_iPad = "UIInterfaceOrientationPortrait UIInterfaceOrientationPortraitUpsideDown UIInterfaceOrientationLandscapeLeft UIInterfaceOrientationLandscapeRight";
				INFOPLIST_KEY_UISupportedInterfaceOrientations_iPhone = "UIInterfaceOrientationPortrait UIInterfaceOrientationLandscapeLeft UIInterfaceOrientationLandscapeRight";
				LD_RUNPATH_SEARCH_PATHS = (
					"$(inherited)",
					"@executable_path/Frameworks",
				);
				MARKETING_VERSION = 1.0;
				PRODUCT_BUNDLE_IDENTIFIER = com.nandaPerovano.HangSwift;
				PRODUCT_NAME = "$(TARGET_NAME)";
				SWIFT_EMIT_LOC_STRINGS = YES;
				SWIFT_VERSION = 5.0;
				TARGETED_DEVICE_FAMILY = "1,2";
			};
			name = Release;
		};
		333AD23C2FC34A1A00E2C5EC /* Debug */ = {
			isa = XCBuildConfiguration;
			buildSettings = {
				BUNDLE_LOADER = "$(TEST_HOST)";
				CODE_SIGN_STYLE = Automatic;
				CURRENT_PROJECT_VERSION = 1;
				DEVELOPMENT_TEAM = 3UT276DC9L;
				GENERATE_INFOPLIST_FILE = YES;
				IPHONEOS_DEPLOYMENT_TARGET = 18.5;
				MARKETING_VERSION = 1.0;
				PRODUCT_BUNDLE_IDENTIFIER = com.nandaPerovano.HangSwiftTests;
				PRODUCT_NAME = "$(TARGET_NAME)";
				SWIFT_EMIT_LOC_STRINGS = NO;
				SWIFT_VERSION = 5.0;
				TARGETED_DEVICE_FAMILY = "1,2";
				TEST_HOST = "$(BUILT_PRODUCTS_DIR)/HangSwift.app/$(BUNDLE_EXECUTABLE_FOLDER_PATH)/HangSwift";
			};
			name = Debug;
		};
		333AD23D2FC34A1A00E2C5EC /* Release */ = {
			isa = XCBuildConfiguration;
			buildSettings = {
				BUNDLE_LOADER = "$(TEST_HOST)";
				CODE_SIGN_STYLE = Automatic;
				CURRENT_PROJECT_VERSION = 1;
				DEVELOPMENT_TEAM = 3UT276DC9L;
				GENERATE_INFOPLIST_FILE = YES;
				IPHONEOS_DEPLOYMENT_TARGET = 18.5;
				MARKETING_VERSION = 1.0;
				PRODUCT_BUNDLE_IDENTIFIER = com.nandaPerovano.HangSwiftTests;
				PRODUCT_NAME = "$(TARGET_NAME)";
				SWIFT_EMIT_LOC_STRINGS = NO;
				SWIFT_VERSION = 5.0;
				TARGETED_DEVICE_FAMILY = "1,2";
				TEST_HOST = "$(BUILT_PRODUCTS_DIR)/HangSwift.app/$(BUNDLE_EXECUTABLE_FOLDER_PATH)/HangSwift";
			};
			name = Release;
		};
		333AD23F2FC34A1A00E2C5EC /* Debug */ = {
			isa = XCBuildConfiguration;
			buildSettings = {
				CODE_SIGN_STYLE = Automatic;
				CURRENT_PROJECT_VERSION = 1;
				DEVELOPMENT_TEAM = 3UT276DC9L;
				GENERATE_INFOPLIST_FILE = YES;
				MARKETING_VERSION = 1.0;
				PRODUCT_BUNDLE_IDENTIFIER = com.nandaPerovano.HangSwiftUITests;
				PRODUCT_NAME = "$(TARGET_NAME)";
				SWIFT_EMIT_LOC_STRINGS = NO;
				SWIFT_VERSION = 5.0;
				TARGETED_DEVICE_FAMILY = "1,2";
				TEST_TARGET_NAME = HangSwift;
			};
			name = Debug;
		};
		333AD2402FC34A1A00E2C5EC /* Release */ = {
			isa = XCBuildConfiguration;
			buildSettings = {
				CODE_SIGN_STYLE = Automatic;
				CURRENT_PROJECT_VERSION = 1;
				DEVELOPMENT_TEAM = 3UT276DC9L;
				GENERATE_INFOPLIST_FILE = YES;
				MARKETING_VERSION = 1.0;
				PRODUCT_BUNDLE_IDENTIFIER = com.nandaPerovano.HangSwiftUITests;
				PRODUCT_NAME = "$(TARGET_NAME)";
				SWIFT_EMIT_LOC_STRINGS = NO;
				SWIFT_VERSION = 5.0;
				TARGETED_DEVICE_FAMILY = "1,2";
				TEST_TARGET_NAME = HangSwift;
			};
			name = Release;
		};
/* End XCBuildConfiguration section */

/* Begin XCConfigurationList section */
		333AD2122FC34A1800E2C5EC /* Build configuration list for PBXProject "HangSwift" */ = {
			isa = XCConfigurationList;
			buildConfigurations = (
				333AD2362FC34A1A00E2C5EC /* Debug */,
				333AD2372FC34A1A00E2C5EC /* Release */,
			);
			defaultConfigurationIsVisible = 0;
			defaultConfigurationName = Release;
		};
		333AD2382FC34A1A00E2C5EC /* Build configuration list for PBXNativeTarget "HangSwift" */ = {
			isa = XCConfigurationList;
			buildConfigurations = (
				333AD2392FC34A1A00E2C5EC /* Debug */,
				333AD23A2FC34A1A00E2C5EC /* Release */,
			);
			defaultConfigurationIsVisible = 0;
			defaultConfigurationName = Release;
		};
		333AD23B2FC34A1A00E2C5EC /* Build configuration list for PBXNativeTarget "HangSwiftTests" */ = {
			isa = XCConfigurationList;
			buildConfigurations = (
				333AD23C2FC34A1A00E2C5EC /* Debug */,
				333AD23D2FC34A1A00E2C5EC /* Release */,
			);
			defaultConfigurationIsVisible = 0;
			defaultConfigurationName = Release;
		};
		333AD23E2FC34A1A00E2C5EC /* Build configuration list for PBXNativeTarget "HangSwiftUITests" */ = {
			isa = XCConfigurationList;
			buildConfigurations = (
				333AD23F2FC34A1A00E2C5EC /* Debug */,
				333AD2402FC34A1A00E2C5EC /* Release */,
			);
			defaultConfigurationIsVisible = 0;
			defaultConfigurationName = Release;
		};
/* End XCConfigurationList section */
	};
	rootObject = 333AD20F2FC34A1800E2C5EC /* Project object */;
}
